
Microsoft Visual Studio Solution File, Format Version 12.00
# Visual Studio Version 17
VisualStudioVersion = 17.0.31903.59
MinimumVisualStudioVersion = 10.0.40219.1
Project("{FAE04EC0-301F-11D3-BF4B-00C04F79EFBC}") = "HNReader.Core.Tests", "..\..\tests\HNReader.Core.Tests\HNReader.Core.Tests.csproj", "{9B4DA658-43FB-46CB-BC59-556B556321FD}"
EndProject
Project("{FAE04EC0-301F-11D3-BF4B-00C04F79EFBC}") = "HNReader.WinUI.Tests", "..\..\tests\HNReader.WinUI.Tests\HNReader.WinUI.Tests.csproj", "{0B91B0F7-3FD8-4AE0-B17F-1BBD491BEE3C}"
EndProject
Project("{FAE04EC0-301F-11D3-BF4B-00C04F79EFBC}") = "HNReader.Integration.Tests", "..\..\tests\HNReader.Integration.Tests\HNReader.Integration.Tests.csproj", "{98FBED2C-E82E-423A-BC73-7CE9A47EA550}"
EndProject
Global
	GlobalSection(SolutionConfigurationPlatforms) = preSolution
		Debug|Any CPU = Debug|Any CPU
		Debug|x64 = Debug|x64
		Debug|x86 = Debug|x86
		Release|Any CPU = Release|Any CPU
		Release|x64 = Release|x64
		Release|x86 = Release|x86
	EndGlobalSection
	GlobalSection(ProjectConfigurationPlatforms) = postSolution
		{9B4DA658-43FB-46CB-BC59-556B556321FD}.Debug|Any CPU.ActiveCfg = Debug|Any CPU
		{9B4DA658-43FB-46CB-BC59-556B556321FD}.Debug|Any CPU.Build.0 = Debug|Any CPU
		{9B4DA658-43FB-46CB-BC59-556B556321FD}.Debug|x64.ActiveCfg = Debug|Any CPU
		{9B4DA658-43FB-46CB-BC59-556B556321FD}.Debug|x64.Build.0 = Debug|Any CPU
		{9B4DA658-43FB-46CB-BC59-556B556321FD}.Debug|x86.ActiveCfg = Debug|Any CPU
		{9B4DA658-43FB-46CB-BC59-556B556321FD}.Debug|x86.Build.0 = Debug|Any CPU
		{9B4DA658-43FB-46CB-BC59-556B556321FD}.Release|Any CPU.ActiveCfg = Release|Any CPU
		{9B4DA658-43FB-46CB-BC59-556B556321FD}.Release|Any CPU.Build.0 = Release|Any CPU
		{9B4DA658-43FB-46CB-BC59-556B556321FD}.Release|x64.ActiveCfg = Release|Any CPU
		{9B4DA658-43FB-46CB-BC59-556B556321FD}.Release|x64.Build.0 = Release|Any CPU
		{9B4DA658-43FB-46CB-BC59-556B556321FD}.Release|x86.ActiveCfg = Release|Any CPU
		{9B4DA658-43FB-46CB-BC59-556B556321FD}.Release|x86.Build.0 = Release|Any CPU
		{0B91B0F7-3FD8-4AE0-B17F-1BBD491BEE3C}.Debug|Any CPU.ActiveCfg = Debug|Any CPU
		{0B91B0F7-3FD8-4AE0-B17F-1BBD491BEE3C}.Debug|Any CPU.Build.0 = Debug|Any CPU
		{0B91B0F7-3FD8-4AE0-B17F-1BBD491BEE3C}.Debug|x64.ActiveCfg = Debug|Any CPU
		{0B91B0F7-3FD8-4AE0-B17F-1BBD491BEE3C}.Debug|x64.Build.0 = Debug|Any CPU
		{0B91B0F7-3FD8-4AE0-B17F-1BBD491BEE3C}.Debug|x86.ActiveCfg = Debug|Any CPU
		{0B91B0F7-3FD8-4AE0-B17F-1BBD491BEE3C}.Debug|x86.Build.0 = Debug|Any CPU
		{0B91B0F7-3FD8-4AE0-B17F-1BBD491BEE3C}.Release|Any CPU.ActiveCfg = Release|Any CPU
		{0B91B0F7-3FD8-4AE0-B17F-1BBD491BEE3C}.Release|Any CPU.Build.0 = Release|Any CPU
		{0B91B0F7-3FD8-4AE0-B17F-1BBD491BEE3C}.Release|x64.ActiveCfg = Release|Any CPU
		{0B91B0F7-3FD8-4AE0-B17F-1BBD491BEE3C}.Release|x64.Build.0 = Release|Any CPU
		{0B91B0F7-3FD8-4AE0-B17F-1BBD491BEE3C}.Release|x86.ActiveCfg = Release|Any CPU
		{0B91B0F7-3FD8-4AE0-B17F-1BBD491BEE3C}.Release|x86.Build.0 = Release|Any CPU
		{98FBED2C-E82E-423A-BC73-7CE9A47EA550}.Debug|Any CPU.ActiveCfg = Debug|Any CPU
		{98FBED2C-E82E-423A-BC73-7CE9A47EA550}.Debug|Any CPU.Build.0 = Debug|Any CPU
		{98FBED2C-E82E-423A-BC73-7CE9A47EA550}.Debug|x64.ActiveCfg = Debug|Any CPU
		{98FBED2C-E82E-423A-BC73-7CE9A47EA550}.Debug|x64.Build.0 = Debug|Any CPU
		{98FBED2C-E82E-423A-BC73-7CE9A47EA550}.Debug|x86.ActiveCfg = Debug|Any CPU
		{98FBED2C-E82E-423A-BC73-7CE9A47EA550}.Debug|x86.Build.0 = Debug|Any CPU
		{98FBED2C-E82E-423A-BC73-7CE9A47EA550}.Release|Any CPU.ActiveCfg = Release|Any CPU
		{98FBED2C-E82E-423A-BC73-7CE9A47EA550}.Release|Any CPU.Build.0 = Release|Any CPU
		{98FBED2C-E82E-423A-BC73-7CE9A47EA550}.Release|x64.ActiveCfg = Release|Any CPU
		{98FBED2C-E82E-423A-BC73-7CE9A47EA550}.Release|x64.Build.0 = Release|Any CPU
		{98FBED2C-E82E-423A-BC73-7CE9A47EA550}.Release|x86.ActiveCfg = Release|Any CPU
		{98FBED2C-E82E-423A-BC73-7CE9A47EA550}.Release|x86.Build.0 = Release|Any CPU
	EndGlobalSection
	GlobalSection(SolutionProperties) = preSolution
		HideSolutionNode = FALSE
	EndGlobalSection
EndGlobal
